// !$*UTF8*$!
{
	archiveVersion = 1;
	classes = {
	};
	objectVersion = 50;
	objects = {

/* Begin PBXBuildFile section */
		4E2518DC24CC810B00F78AE7 /* AppDelegate.swift in Sources */ = {isa = PBXBuildFile; fileRef = 4E2518DB24CC810B00F78AE7 /* AppDelegate.swift */; };
		4E2518DE24CC810B00F78AE7 /* SceneDelegate.swift in Sources */ = {isa = PBXBuildFile; fileRef = 4E2518DD24CC810B00F78AE7 /* SceneDelegate.swift */; };
		4E2518E324CC810B00F78AE7 /* Main.storyboard in Resources */ = {isa = PBXBuildFile; fileRef = 4E2518E124CC810B00F78AE7 /* Main.storyboard */; };
		4E2518E524CC810D00F78AE7 /* Assets.xcassets in Resources */ = {isa = PBXBuildFile; fileRef = 4E2518E424CC810D00F78AE7 /* Assets.xcassets */; };
		4E2518E824CC810D00F78AE7 /* LaunchScreen.storyboard in Resources */ = {isa = PBXBuildFile; fileRef = 4E2518E624CC810D00F78AE7 /* LaunchScreen.storyboard */; };
		4E2518FA24CC813500F78AE7 /* LaundryViewController.swift in Sources */ = {isa = PBXBuildFile; fileRef = 4E2518F224CC813500F78AE7 /* LaundryViewController.swift */; };
		4E2518FB24CC813500F78AE7 /* LocationViewController.swift in Sources */ = {isa = PBXBuildFile; fileRef = 4E2518F424CC813500F78AE7 /* LocationViewController.swift */; };
		4E2518FC24CC813500F78AE7 /* PaymentViewController.swift in Sources */ = {isa = PBXBuildFile; fileRef = 4E2518F624CC813500F78AE7 /* PaymentViewController.swift */; };
		4E2518FD24CC813500F78AE7 /* PaymentProcessedViewController.swift in Sources */ = {isa = PBXBuildFile; fileRef = 4E2518F724CC813500F78AE7 /* PaymentProcessedViewController.swift */; };
		4E2518FE24CC813500F78AE7 /* WelcomeViewController.swift in Sources */ = {isa = PBXBuildFile; fileRef = 4E2518F924CC813500F78AE7 /* WelcomeViewController.swift */; };
		4E25190E24CC84C200F78AE7 /* Laundry.storyboard in Resources */ = {isa = PBXBuildFile; fileRef = 4E25190824CC84C200F78AE7 /* Laundry.storyboard */; };
		4E25190F24CC84C200F78AE7 /* Location.storyboard in Resources */ = {isa = PBXBuildFile; fileRef = 4E25190A24CC84C200F78AE7 /* Location.storyboard */; };
		4E25191024CC84C200F78AE7 /* Payment.storyboard in Resources */ = {isa = PBXBuildFile; fileRef = 4E25190C24CC84C200F78AE7 /* Payment.storyboard */; };
/* End PBXBuildFile section */

/* Begin PBXFileReference section */
		4E2518D824CC810B00F78AE7 /* StoryboardReference.app */ = {isa = PBXFileReference; explicitFileType = wrapper.application; includeInIndex = 0; path = StoryboardReference.app; sourceTree = BUILT_PRODUCTS_DIR; };
		4E2518DB24CC810B00F78AE7 /* AppDelegate.swift */ = {isa = PBXFileReference; lastKnownFileType = sourcecode.swift; path = AppDelegate.swift; sourceTree = "<group>"; };
		4E2518DD24CC810B00F78AE7 /* SceneDelegate.swift */ = {isa = PBXFileReference; lastKnownFileType = sourcecode.swift; path = SceneDelegate.swift; sourceTree = "<group>"; };
		4E2518E224CC810B00F78AE7 /* Base */ = {isa = PBXFileReference; lastKnownFileType = file.storyboard; name = Base; path = Base.lproj/Main.storyboard; sourceTree = "<group>"; };
		4E2518E424CC810D00F78AE7 /* Assets.xcassets */ = {isa = PBXFileReference; lastKnownFileType = folder.assetcatalog; path = Assets.xcassets; sourceTree = "<group>"; };
		4E2518E724CC810D00F78AE7 /* Base */ = {isa = PBXFileReference; lastKnownFileType = file.storyboard; name = Base; path = Base.lproj/LaunchScreen.storyboard; sourceTree = "<group>"; };
		4E2518E924CC810D00F78AE7 /* Info.plist */ = {isa = PBXFileReference; lastKnownFileType = text.plist.xml; path = Info.plist; sourceTree = "<group>"; };
		4E2518F224CC813500F78AE7 /* LaundryViewController.swift */ = {isa = PBXFileReference; fileEncoding = 4; lastKnownFileType = sourcecode.swift; path = LaundryViewController.swift; sourceTree = "<group>"; };
		4E2518F424CC813500F78AE7 /* LocationViewController.swift */ = {isa = PBXFileReference; fileEncoding = 4; lastKnownFileType = sourcecode.swift; path = LocationViewController.swift; sourceTree = "<group>"; };
		4E2518F624CC813500F78AE7 /* PaymentViewController.swift */ = {isa = PBXFileReference; fileEncoding = 4; lastKnownFileType = sourcecode.swift; path = PaymentViewController.swift; sourceTree = "<group>"; };
		4E2518F724CC813500F78AE7 /* PaymentProcessedViewController.swift */ = {isa = PBXFileReference; fileEncoding = 4; lastKnownFileType = sourcecode.swift; path = PaymentProcessedViewController.swift; sourceTree = "<group>"; };
		4E2518F924CC813500F78AE7 /* WelcomeViewController.swift */ = {isa = PBXFileReference; fileEncoding = 4; lastKnownFileType = sourcecode.swift; path = WelcomeViewController.swift; sourceTree = "<group>"; };
		4E25190924CC84C200F78AE7 /* Base */ = {isa = PBXFileReference; lastKnownFileType = file.storyboard; name = Base; path = Base.lproj/Laundry.storyboard; sourceTree = "<group>"; };
		4E25190B24CC84C200F78AE7 /* Base */ = {isa = PBXFileReference; lastKnownFileType = file.storyboard; name = Base; path = Base.lproj/Location.storyboard; sourceTree = "<group>"; };
		4E25190D24CC84C200F78AE7 /* Base */ = {isa = PBXFileReference; lastKnownFileType = file.storyboard; name = Base; path = Base.lproj/Payment.storyboard; sourceTree = "<group>"; };
/* End PBXFileReference section */

/* Begin PBXFrameworksBuildPhase section */
		4E2518D524CC810B00F78AE7 /* Frameworks */ = {
			isa = PBXFrameworksBuildPhase;
			buildActionMask = 2147483647;
			files = (
			);
			runOnlyForDeploymentPostprocessing = 0;
		};
/* End PBXFrameworksBuildPhase section */

/* Begin PBXGroup section */
		4E2518CF24CC810B00F78AE7 = {
			isa = PBXGroup;
			children = (
				4E2518DA24CC810B00F78AE7 /* StoryboardReference */,
				4E2518D924CC810B00F78AE7 /* Products */,
			);
			sourceTree = "<group>";
		};
		4E2518D924CC810B00F78AE7 /* Products */ = {
			isa = PBXGroup;
			children = (
				4E2518D824CC810B00F78AE7 /* StoryboardReference.app */,
			);
			name = Products;
			sourceTree = "<group>";
		};
		4E2518DA24CC810B00F78AE7 /* StoryboardReference */ = {
			isa = PBXGroup;
			children = (
				4E2518DB24CC810B00F78AE7 /* AppDelegate.swift */,
				4E2518DD24CC810B00F78AE7 /* SceneDelegate.swift */,
				4E2518EF24CC813500F78AE7 /* Classes */,
				4E2518E124CC810B00F78AE7 /* Main.storyboard */,
				4E25190824CC84C200F78AE7 /* Laundry.storyboard */,
				4E25190A24CC84C200F78AE7 /* Location.storyboard */,
				4E25190C24CC84C200F78AE7 /* Payment.storyboard */,
				4E2518E624CC810D00F78AE7 /* LaunchScreen.storyboard */,
				4E2518E424CC810D00F78AE7 /* Assets.xcassets */,
				4E2518E924CC810D00F78AE7 /* Info.plist */,
			);
			path = StoryboardReference;
			sourceTree = "<group>";
		};
		4E2518EF24CC813500F78AE7 /* Classes */ = {
			isa = PBXGroup;
			children = (
				4E2518F024CC813500F78AE7 /* ViewControllers */,
			);
			path = Classes;
			sourceTree = "<group>";
		};
		4E2518F024CC813500F78AE7 /* ViewControllers */ = {
			isa = PBXGroup;
			children = (
				4E2518F824CC813500F78AE7 /* Welcome */,
				4E2518F124CC813500F78AE7 /* Laundry */,
				4E2518F324CC813500F78AE7 /* Location */,
				4E2518F524CC813500F78AE7 /* Payment */,
			);
			path = ViewControllers;
			sourceTree = "<group>";
		};
		4E2518F124CC813500F78AE7 /* Laundry */ = {
			isa = PBXGroup;
			children = (
				4E2518F224CC813500F78AE7 /* LaundryViewController.swift */,
			);
			path = Laundry;
			sourceTree = "<group>";
		};
		4E2518F324CC813500F78AE7 /* Location */ = {
			isa = PBXGroup;
			children = (
				4E2518F424CC813500F78AE7 /* LocationViewController.swift */,
			);
			path = Location;
			sourceTree = "<group>";
		};
		4E2518F524CC813500F78AE7 /* Payment */ = {
			isa = PBXGroup;
			children = (
				4E2518F624CC813500F78AE7 /* PaymentViewController.swift */,
				4E2518F724CC813500F78AE7 /* PaymentProcessedViewController.swift */,
			);
			path = Payment;
			sourceTree = "<group>";
		};
		4E2518F824CC813500F78AE7 /* Welcome */ = {
			isa = PBXGroup;
			children = (
				4E2518F924CC813500F78AE7 /* WelcomeViewController.swift */,
			);
			path = Welcome;
			sourceTree = "<group>";
		};
/* End PBXGroup section */

/* Begin PBXNativeTarget section */
		4E2518D724CC810B00F78AE7 /* StoryboardReference */ = {
			isa = PBXNativeTarget;
			buildConfigurationList = 4E2518EC24CC810D00F78AE7 /* Build configuration list for PBXNativeTarget "StoryboardReference" */;
			buildPhases = (
				4E2518D424CC810B00F78AE7 /* Sources */,
				4E2518D524CC810B00F78AE7 /* Frameworks */,
				4E2518D624CC810B00F78AE7 /* Resources */,
			);
			buildRules = (
			);
			dependencies = (
			);
			name = StoryboardReference;
			productName = StoryboardReference;
			productReference = 4E2518D824CC810B00F78AE7 /* StoryboardReference.app */;
			productType = "com.apple.product-type.application";
		};
/* End PBXNativeTarget section */

/* Begin PBXProject section */
		4E2518D024CC810B00F78AE7 /* Project object */ = {
			isa = PBXProject;
			attributes = {
				LastSwiftUpdateCheck = 1160;
				LastUpgradeCheck = 1160;
				ORGANIZATIONNAME = "Gene Backlin";
				TargetAttributes = {
					4E2518D724CC810B00F78AE7 = {
						CreatedOnToolsVersion = 11.6;
					};
				};
			};
			buildConfigurationList = 4E2518D324CC810B00F78AE7 /* Build configuration list for PBXProject "StoryboardReference" */;
			compatibilityVersion = "Xcode 9.3";
			developmentRegion = en;
			hasScannedForEncodings = 0;
			knownRegions = (
				en,
				Base,
			);
			mainGroup = 4E2518CF24CC810B00F78AE7;
			productRefGroup = 4E2518D924CC810B00F78AE7 /* Products */;
			projectDirPath = "";
			projectRoot = "";
			targets = (
				4E2518D724CC810B00F78AE7 /* StoryboardReference */,
			);
		};
/* End PBXProject section */

/* Begin PBXResourcesBuildPhase section */
		4E2518D624CC810B00F78AE7 /* Resources */ = {
			isa = PBXResourcesBuildPhase;
			buildActionMask = 2147483647;
			files = (
				4E25190F24CC84C200F78AE7 /* Location.storyboard in Resources */,
				4E25190E24CC84C200F78AE7 /* Laundry.storyboard in Resources */,
				4E2518E824CC810D00F78AE7 /* LaunchScreen.storyboard in Resources */,
				4E25191024CC84C200F78AE7 /* Payment.storyboard in Resources */,
				4E2518E524CC810D00F78AE7 /* Assets.xcassets in Resources */,
				4E2518E324CC810B00F78AE7 /* Main.storyboard in Resources */,
			);
			runOnlyForDeploymentPostprocessing = 0;
		};
/* End PBXResourcesBuildPhase section */

/* Begin PBXSourcesBuildPhase section */
		4E2518D424CC810B00F78AE7 /* Sources */ = {
			isa = PBXSourcesBuildPhase;
			buildActionMask = 2147483647;
			files = (
				4E2518FB24CC813500F78AE7 /* LocationViewController.swift in Sources */,
				4E2518FE24CC813500F78AE7 /* WelcomeViewController.swift in Sources */,
				4E2518FC24CC813500F78AE7 /* PaymentViewController.swift in Sources */,
				4E2518FA24CC813500F78AE7 /* LaundryViewController.swift in Sources */,
				4E2518FD24CC813500F78AE7 /* PaymentProcessedViewController.swift in Sources */,
				4E2518DC24CC810B00F78AE7 /* AppDelegate.swift in Sources */,
				4E2518DE24CC810B00F78AE7 /* SceneDelegate.swift in Sources */,
			);
			runOnlyForDeploymentPostprocessing = 0;
		};
/* End PBXSourcesBuildPhase section */

/* Begin PBXVariantGroup section */
		4E2518E124CC810B00F78AE7 /* Main.storyboard */ = {
			isa = PBXVariantGroup;
			children = (
				4E2518E224CC810B00F78AE7 /* Base */,
			);
			name = Main.storyboard;
			sourceTree = "<group>";
		};
		4E2518E624CC810D00F78AE7 /* LaunchScreen.storyboard */ = {
			isa = PBXVariantGroup;
			children = (
				4E2518E724CC810D00F78AE7 /* Base */,
			);
			name = LaunchScreen.storyboard;
			sourceTree = "<group>";
		};
		4E25190824CC84C200F78AE7 /* Laundry.storyboard */ = {
			isa = PBXVariantGroup;
			children = (
				4E25190924CC84C200F78AE7 /* Base */,
			);
			name = Laundry.storyboard;
			sourceTree = "<group>";
		};
		4E25190A24CC84C200F78AE7 /* Location.storyboard */ = {
			isa = PBXVariantGroup;
			children = (
				4E25190B24CC84C200F78AE7 /* Base */,
			);
			name = Location.storyboard;
			sourceTree = "<group>";
		};
		4E25190C24CC84C200F78AE7 /* Payment.storyboard */ = {
			isa = PBXVariantGroup;
			children = (
				4E25190D24CC84C200F78AE7 /* Base */,
			);
			name = Payment.storyboard;
			sourceTree = "<group>";
		};
/* End PBXVariantGroup section */

/* Begin XCBuildConfiguration section */
		4E2518EA24CC810D00F78AE7 /* Debug */ = {
			isa = XCBuildConfiguration;
			buildSettings = {
				ALWAYS_SEARCH_USER_PATHS = NO;
				CLANG_ANALYZER_NONNULL = YES;
				CLANG_ANALYZER_NUMBER_OBJECT_CONVERSION = YES_AGGRESSIVE;
				CLANG_CXX_LANGUAGE_STANDARD = "gnu++14";
				CLANG_CXX_LIBRARY = "libc++";
				CLANG_ENABLE_MODULES = YES;
				CLANG_ENABLE_OBJC_ARC = YES;
				CLANG_ENABLE_OBJC_WEAK = YES;
				CLANG_WARN_BLOCK_CAPTURE_AUTORELEASING = YES;
				CLANG_WARN_BOOL_CONVERSION = YES;
				CLANG_WARN_COMMA = YES;
				CLANG_WARN_CONSTANT_CONVERSION = YES;
				CLANG_WARN_DEPRECATED_OBJC_IMPLEMENTATIONS = YES;
				CLANG_WARN_DIRECT_OBJC_ISA_USAGE = YES_ERROR;
				CLANG_WARN_DOCUMENTATION_COMMENTS = YES;
				CLANG_WARN_EMPTY_BODY = YES;
				CLANG_WARN_ENUM_CONVERSION = YES;
				CLANG_WARN_INFINITE_RECURSION = YES;
				CLANG_WARN_INT_CONVERSION = YES;
				CLANG_WARN_NON_LITERAL_NULL_CONVERSION = YES;
				CLANG_WARN_OBJC_IMPLICIT_RETAIN_SELF = YES;
				CLANG_WARN_OBJC_LITERAL_CONVERSION = YES;
				CLANG_WARN_OBJC_ROOT_CLASS = YES_ERROR;
				CLANG_WARN_RANGE_LOOP_ANALYSIS = YES;
				CLANG_WARN_STRICT_PROTOTYPES = YES;
				CLANG_WARN_SUSPICIOUS_MOVE = YES;
				CLANG_WARN_UNGUARDED_AVAILABILITY = YES_AGGRESSIVE;
				CLANG_WARN_UNREACHABLE_CODE = YES;
				CLANG_WARN__DUPLICATE_METHOD_MATCH = YES;
				COPY_PHASE_STRIP = NO;
				DEBUG_INFORMATION_FORMAT = dwarf;
				ENABLE_STRICT_OBJC_MSGSEND = YES;
				ENABLE_TESTABILITY = YES;
				GCC_C_LANGUAGE_STANDARD = gnu11;
				GCC_DYNAMIC_NO_PIC = NO;
				GCC_NO_COMMON_BLOCKS = YES;
				GCC_OPTIMIZATION_LEVEL = 0;
				GCC_PREPROCESSOR_DEFINITIONS = (
					"DEBUG=1",
					"$(inherited)",
				);
				GCC_WARN_64_TO_32_BIT_CONVERSION = YES;
				GCC_WARN_ABOUT_RETURN_TYPE = YES_ERROR;
				GCC_WARN_UNDECLARED_SELECTOR = YES;
				GCC_WARN_UNINITIALIZED_AUTOS = YES_AGGRESSIVE;
				GCC_WARN_UNUSED_FUNCTION = YES;
				GCC_WARN_UNUSED_VARIABLE = YES;
				IPHONEOS_DEPLOYMENT_TARGET = 13.6;
				MTL_ENABLE_DEBUG_INFO = INCLUDE_SOURCE;
				MTL_FAST_MATH = YES;
				ONLY_ACTIVE_ARCH = YES;
				SDKROOT = iphoneos;
				SWIFT_ACTIVE_COMPILATION_CONDITIONS = DEBUG;
				SWIFT_OPTIMIZATION_LEVEL = "-Onone";
			};
			name = Debug;
		};
		4E2518EB24CC810D00F78AE7 /* Release */ = {
			isa = XCBuildConfiguration;
			buildSettings = {
				ALWAYS_SEARCH_USER_PATHS = NO;
				CLANG_ANALYZER_NONNULL = YES;
				CLANG_ANALYZER_NUMBER_OBJECT_CONVERSION = YES_AGGRESSIVE;
				CLANG_CXX_LANGUAGE_STANDARD = "gnu++14";
				CLANG_CXX_LIBRARY = "libc++";
				CLANG_ENABLE_MODULES = YES;
				CLANG_ENABLE_OBJC_ARC = YES;
				CLANG_ENABLE_OBJC_WEAK = YES;
				CLANG_WARN_BLOCK_CAPTURE_AUTORELEASING = YES;
				CLANG_WARN_BOOL_CONVERSION = YES;
				CLANG_WARN_COMMA = YES;
				CLANG_WARN_CONSTANT_CONVERSION = YES;
				CLANG_WARN_DEPRECATED_OBJC_IMPLEMENTATIONS = YES;
				CLANG_WARN_DIRECT_OBJC_ISA_USAGE = YES_ERROR;
				CLANG_WARN_DOCUMENTATION_COMMENTS = YES;
				CLANG_WARN_EMPTY_BODY = YES;
				CLANG_WARN_ENUM_CONVERSION = YES;
				CLANG_WARN_INFINITE_RECURSION = YES;
				CLANG_WARN_INT_CONVERSION = YES;
				CLANG_WARN_NON_LITERAL_NULL_CONVERSION = YES;
				CLANG_WARN_OBJC_IMPLICIT_RETAIN_SELF = YES;
				CLANG_WARN_OBJC_LITERAL_CONVERSION = YES;
				CLANG_WARN_OBJC_ROOT_CLASS = YES_ERROR;
				CLANG_WARN_RANGE_LOOP_ANALYSIS = YES;
				CLANG_WARN_STRICT_PROTOTYPES = YES;
				CLANG_WARN_SUSPICIOUS_MOVE = YES;
				CLANG_WARN_UNGUARDED_AVAILABILITY = YES_AGGRESSIVE;
				CLANG_WARN_UNREACHABLE_CODE = YES;
				CLANG_WARN__DUPLICATE_METHOD_MATCH = YES;
				COPY_PHASE_STRIP = NO;
				DEBUG_INFORMATION_FORMAT = "dwarf-with-dsym";
				ENABLE_NS_ASSERTIONS = NO;
				ENABLE_STRICT_OBJC_MSGSEND = YES;
				GCC_C_LANGUAGE_STANDARD = gnu11;
				GCC_NO_COMMON_BLOCKS = YES;
				GCC_WARN_64_TO_32_BIT_CONVERSION = YES;
				GCC_WARN_ABOUT_RETURN_TYPE = YES_ERROR;
				GCC_WARN_UNDECLARED_SELECTOR = YES;
				GCC_WARN_UNINITIALIZED_AUTOS = YES_AGGRESSIVE;
				GCC_WARN_UNUSED_FUNCTION = YES;
				GCC_WARN_UNUSED_VARIABLE = YES;
				IPHONEOS_DEPLOYMENT_TARGET = 13.6;
				MTL_ENABLE_DEBUG_INFO = NO;
				MTL_FAST_MATH = YES;
				SDKROOT = iphoneos;
				SWIFT_COMPILATION_MODE = wholemodule;
				SWIFT_OPTIMIZATION_LEVEL = "-O";
				VALIDATE_PRODUCT = YES;
			};
			name = Release;
		};
		4E2518ED24CC810D00F78AE7 /* Debug */ = {
			isa = XCBuildConfiguration;
			buildSettings = {
				ASSETCATALOG_COMPILER_APPICON_NAME = AppIcon;
				CODE_SIGN_STYLE = Automatic;
				DEVELOPMENT_TEAM = 8DT5Y3HP4L;
				INFOPLIST_FILE = StoryboardReference/Info.plist;
				LD_RUNPATH_SEARCH_PATHS = (
					"$(inherited)",
					"@executable_path/Frameworks",
				);
				PRODUCT_BUNDLE_IDENTIFIER = com.marizack.StoryboardReference;
				PRODUCT_NAME = "$(TARGET_NAME)";
				SWIFT_VERSION = 5.0;
				TARGETED_DEVICE_FAMILY = "1,2";
			};
			name = Debug;
		};
		4E2518EE24CC810D00F78AE7 /* Release */ = {
			isa = XCBuildConfiguration;
			buildSettings = {
				ASSETCATALOG_COMPILER_APPICON_NAME = AppIcon;
				CODE_SIGN_STYLE = Automatic;
				DEVELOPMENT_TEAM = 8DT5Y3HP4L;
				INFOPLIST_FILE = StoryboardReference/Info.plist;
				LD_RUNPATH_SEARCH_PATHS = (
					"$(inherited)",
					"@executable_path/Frameworks",
				);
				PRODUCT_BUNDLE_IDENTIFIER = com.marizack.StoryboardReference;
				PRODUCT_NAME = "$(TARGET_NAME)";
				SWIFT_VERSION = 5.0;
				TARGETED_DEVICE_FAMILY = "1,2";
			};
			name = Release;
		};
/* End XCBuildConfiguration section */

/* Begin XCConfigurationList section */
		4E2518D324CC810B00F78AE7 /* Build configuration list for PBXProject "StoryboardReference" */ = {
			isa = XCConfigurationList;
			buildConfigurations = (
				4E2518EA24CC810D00F78AE7 /* Debug */,
				4E2518EB24CC810D00F78AE7 /* Release */,
			);
			defaultConfigurationIsVisible = 0;
			defaultConfigurationName = Release;
		};
		4E2518EC24CC810D00F78AE7 /* Build configuration list for PBXNativeTarget "StoryboardReference" */ = {
			isa = XCConfigurationList;
			buildConfigurations = (
				4E2518ED24CC810D00F78AE7 /* Debug */,
				4E2518EE24CC810D00F78AE7 /* Release */,
			);
			defaultConfigurationIsVisible = 0;
			defaultConfigurationName = Release;
		};
/* End XCConfigurationList section */
	};
	rootObject = 4E2518D024CC810B00F78AE7 /* Project object */;
}
